# THIS IS AN AUTOGENERATED FILE. DO NOT EDIT THIS FILE DIRECTLY.
# yarn lockfile v1


unique-names-generator@^4.3.0:
  version "4.3.0"
  resolved "https://registry.yarnpkg.com/unique-names-generator/-/unique-names-generator-4.3.0.tgz#34d680c9f25dbf2552437d6ef6cf145ac99916c1"
  integrity sha512-uNX6jVFjBXfZtsc7B8jVPJ3QdfCF/Sjde4gxsy3rNQmHuWGFarnU7IFGdxZKJ4h4uRjANQc6rG7GiGolRW9fgA==
